// !$*UTF8*$!
{
	archiveVersion = 1;
	classes = {
	};
	objectVersion = 46;
	objects = {

/* Begin PBXBuildFile section */
		177BF6142020021E00173CAF /* toGrayShaderIO.swift in Sources */ = {isa = PBXBuildFile; fileRef = 177BF6132020021E00173CAF /* toGrayShaderIO.swift */; };
		310DCAE31F5C46B00090A6E8 /* MTKPCubeDescriptorTests.swift in Sources */ = {isa = PBXBuildFile; fileRef = 310DCAE01F5C44B40090A6E8 /* MTKPCubeDescriptorTests.swift */; };
		310DCAE91F5C78140090A6E8 /* MTKPLibrary.swift in Sources */ = {isa = PBXBuildFile; fileRef = 310DCAE81F5C78140090A6E8 /* MTKPLibrary.swift */; };
		3123C46D1FF45BDE005507A1 /* MTKPShaderLookup.swift in Sources */ = {isa = PBXBuildFile; fileRef = 3123C46C1FF45BDD005507A1 /* MTKPShaderLookup.swift */; };
		3123C46F1FF45CA6005507A1 /* MTKPComputer.swift in Sources */ = {isa = PBXBuildFile; fileRef = 3123C46E1FF45CA6005507A1 /* MTKPComputer.swift */; };
		3163E6612006F81C007C7B19 /* MTKPAssets.swift in Sources */ = {isa = PBXBuildFile; fileRef = 31E00C9D1DD8F2DF00C47BE5 /* MTKPAssets.swift */; };
		3163E6622006F823007C7B19 /* MTKPIOProvider.swift in Sources */ = {isa = PBXBuildFile; fileRef = 31E7EFA91DD986CC00C9BE01 /* MTKPIOProvider.swift */; };
		3163E6632006F826007C7B19 /* MTKPComputer.swift in Sources */ = {isa = PBXBuildFile; fileRef = 3123C46E1FF45CA6005507A1 /* MTKPComputer.swift */; };
		3163E6642006F828007C7B19 /* MTKPShaderLookup.swift in Sources */ = {isa = PBXBuildFile; fileRef = 3123C46C1FF45BDD005507A1 /* MTKPShaderLookup.swift */; };
		3163E6652006F82B007C7B19 /* MTKPMeshDescriptor.swift in Sources */ = {isa = PBXBuildFile; fileRef = 31E00CA11DD8F2DF00C47BE5 /* MTKPMeshDescriptor.swift */; };
		3163E6662006F82D007C7B19 /* MTKPPipelineStateDescriptor.swift in Sources */ = {isa = PBXBuildFile; fileRef = 31E00CA21DD8F2DF00C47BE5 /* MTKPPipelineStateDescriptor.swift */; };
		3163E6672006F82F007C7B19 /* MTKPRenderer.swift in Sources */ = {isa = PBXBuildFile; fileRef = 31E00CA31DD8F2DF00C47BE5 /* MTKPRenderer.swift */; };
		3163E6682006F832007C7B19 /* MTKPDevice.swift in Sources */ = {isa = PBXBuildFile; fileRef = 31BBCFDA1E69CF5700C8B718 /* MTKPDevice.swift */; };
		3163E6692006F834007C7B19 /* MTKPShader.swift in Sources */ = {isa = PBXBuildFile; fileRef = 316F84F11E6C6181009B073D /* MTKPShader.swift */; };
		3163E66A2006F836007C7B19 /* MTKPLibrary.swift in Sources */ = {isa = PBXBuildFile; fileRef = 310DCAE81F5C78140090A6E8 /* MTKPLibrary.swift */; };
		3163E66B2006F838007C7B19 /* MTKPThreadgroupConfig.swift in Sources */ = {isa = PBXBuildFile; fileRef = 317DE9C22000660100D53195 /* MTKPThreadgroupConfig.swift */; };
		316F84F21E6C6181009B073D /* MTKPShader.swift in Sources */ = {isa = PBXBuildFile; fileRef = 316F84F11E6C6181009B073D /* MTKPShader.swift */; };
		317DE9C32000660100D53195 /* MTKPThreadgroupConfig.swift in Sources */ = {isa = PBXBuildFile; fileRef = 317DE9C22000660100D53195 /* MTKPThreadgroupConfig.swift */; };
		31BBCFDB1E69CF5700C8B718 /* MTKPDevice.swift in Sources */ = {isa = PBXBuildFile; fileRef = 31BBCFDA1E69CF5700C8B718 /* MTKPDevice.swift */; };
		31BBCFE51E6A061400C8B718 /* MetalKitPlus.framework in Frameworks */ = {isa = PBXBuildFile; fileRef = 31E00C7E1DD8F12B00C47BE5 /* MetalKitPlus.framework */; };
		31CE05311F5C9540007D7C4E /* MTKPDeviceTests.swift in Sources */ = {isa = PBXBuildFile; fileRef = 310DCAE11F5C44B40090A6E8 /* MTKPDeviceTests.swift */; };
		31CE056F1F5CC0F3007D7C4E /* MTKPAssetsTests.swift in Sources */ = {isa = PBXBuildFile; fileRef = 31CE05361F5CA1DB007D7C4E /* MTKPAssetsTests.swift */; };
		31CE05701F5CC67C007D7C4E /* MTKPIOProvider.swift in Sources */ = {isa = PBXBuildFile; fileRef = 31E7EFA91DD986CC00C9BE01 /* MTKPIOProvider.swift */; };
		31E00C831DD8F12B00C47BE5 /* MetalKitPlus.h in Headers */ = {isa = PBXBuildFile; fileRef = 31E00C811DD8F12B00C47BE5 /* MetalKitPlus.h */; settings = {ATTRIBUTES = (Public, ); }; };
		31E00CA51DD8F2DF00C47BE5 /* MTKPAssets.swift in Sources */ = {isa = PBXBuildFile; fileRef = 31E00C9D1DD8F2DF00C47BE5 /* MTKPAssets.swift */; };
		31E00CA91DD8F2DF00C47BE5 /* MTKPMeshDescriptor.swift in Sources */ = {isa = PBXBuildFile; fileRef = 31E00CA11DD8F2DF00C47BE5 /* MTKPMeshDescriptor.swift */; };
		31E00CAA1DD8F2DF00C47BE5 /* MTKPPipelineStateDescriptor.swift in Sources */ = {isa = PBXBuildFile; fileRef = 31E00CA21DD8F2DF00C47BE5 /* MTKPPipelineStateDescriptor.swift */; };
		31E00CAB1DD8F2DF00C47BE5 /* MTKPRenderer.swift in Sources */ = {isa = PBXBuildFile; fileRef = 31E00CA31DD8F2DF00C47BE5 /* MTKPRenderer.swift */; };
		31E84D201FF5393900981293 /* MTKPComputerTests.swift in Sources */ = {isa = PBXBuildFile; fileRef = 31E84D1F1FF5393900981293 /* MTKPComputerTests.swift */; };
/* End PBXBuildFile section */

/* Begin PBXContainerItemProxy section */
		31BBCFE61E6A061400C8B718 /* PBXContainerItemProxy */ = {
			isa = PBXContainerItemProxy;
			containerPortal = 31E00C751DD8F12B00C47BE5 /* Project object */;
			proxyType = 1;
			remoteGlobalIDString = 31E00C7D1DD8F12B00C47BE5;
			remoteInfo = MetalKitPlus;
		};
/* End PBXContainerItemProxy section */

/* Begin PBXFileReference section */
		177BF6132020021E00173CAF /* toGrayShaderIO.swift */ = {isa = PBXFileReference; fileEncoding = 4; lastKnownFileType = sourcecode.swift; path = toGrayShaderIO.swift; sourceTree = "<group>"; };
		310DCAE01F5C44B40090A6E8 /* MTKPCubeDescriptorTests.swift */ = {isa = PBXFileReference; lastKnownFileType = sourcecode.swift; path = MTKPCubeDescriptorTests.swift; sourceTree = "<group>"; };
		310DCAE11F5C44B40090A6E8 /* MTKPDeviceTests.swift */ = {isa = PBXFileReference; lastKnownFileType = sourcecode.swift; path = MTKPDeviceTests.swift; sourceTree = "<group>"; };
		310DCAE81F5C78140090A6E8 /* MTKPLibrary.swift */ = {isa = PBXFileReference; lastKnownFileType = sourcecode.swift; path = MTKPLibrary.swift; sourceTree = "<group>"; };
		3123C46C1FF45BDD005507A1 /* MTKPShaderLookup.swift */ = {isa = PBXFileReference; fileEncoding = 4; lastKnownFileType = sourcecode.swift; path = MTKPShaderLookup.swift; sourceTree = "<group>"; };
		3123C46E1FF45CA6005507A1 /* MTKPComputer.swift */ = {isa = PBXFileReference; lastKnownFileType = sourcecode.swift; path = MTKPComputer.swift; sourceTree = "<group>"; };
		316F84F11E6C6181009B073D /* MTKPShader.swift */ = {isa = PBXFileReference; fileEncoding = 4; lastKnownFileType = sourcecode.swift; path = MTKPShader.swift; sourceTree = "<group>"; };
		317DE9C22000660100D53195 /* MTKPThreadgroupConfig.swift */ = {isa = PBXFileReference; lastKnownFileType = sourcecode.swift; path = MTKPThreadgroupConfig.swift; sourceTree = "<group>"; };
		31BBCFD11E69C9C100C8B718 /* Info.plist */ = {isa = PBXFileReference; lastKnownFileType = text.plist.xml; path = Info.plist; sourceTree = "<group>"; };
		31BBCFDA1E69CF5700C8B718 /* MTKPDevice.swift */ = {isa = PBXFileReference; fileEncoding = 4; lastKnownFileType = sourcecode.swift; path = MTKPDevice.swift; sourceTree = "<group>"; };
		31BBCFE01E6A061400C8B718 /* MetalKitPlusTests.xctest */ = {isa = PBXFileReference; explicitFileType = wrapper.cfbundle; includeInIndex = 0; path = MetalKitPlusTests.xctest; sourceTree = BUILT_PRODUCTS_DIR; };
		31CE05361F5CA1DB007D7C4E /* MTKPAssetsTests.swift */ = {isa = PBXFileReference; lastKnownFileType = sourcecode.swift; path = MTKPAssetsTests.swift; sourceTree = "<group>"; };
		31CE05401F5CAE9D007D7C4E /* Metal.framework */ = {isa = PBXFileReference; lastKnownFileType = wrapper.framework; name = Metal.framework; path = System/Library/Frameworks/Metal.framework; sourceTree = SDKROOT; };
		31CE05421F5CAEA5007D7C4E /* MetalKit.framework */ = {isa = PBXFileReference; lastKnownFileType = wrapper.framework; name = MetalKit.framework; path = System/Library/Frameworks/MetalKit.framework; sourceTree = SDKROOT; };
		31CE05481F5CB0B2007D7C4E /* MTKPTestShaders.metal */ = {isa = PBXFileReference; lastKnownFileType = sourcecode.metal; path = MTKPTestShaders.metal; sourceTree = "<group>"; };
		31E00C7E1DD8F12B00C47BE5 /* MetalKitPlus.framework */ = {isa = PBXFileReference; explicitFileType = wrapper.framework; includeInIndex = 0; path = MetalKitPlus.framework; sourceTree = BUILT_PRODUCTS_DIR; };
		31E00C811DD8F12B00C47BE5 /* MetalKitPlus.h */ = {isa = PBXFileReference; lastKnownFileType = sourcecode.c.h; path = MetalKitPlus.h; sourceTree = "<group>"; };
		31E00C821DD8F12B00C47BE5 /* Info.plist */ = {isa = PBXFileReference; lastKnownFileType = text.plist.xml; path = Info.plist; sourceTree = "<group>"; };
		31E00C9D1DD8F2DF00C47BE5 /* MTKPAssets.swift */ = {isa = PBXFileReference; fileEncoding = 4; lastKnownFileType = sourcecode.swift; path = MTKPAssets.swift; sourceTree = "<group>"; };
		31E00CA11DD8F2DF00C47BE5 /* MTKPMeshDescriptor.swift */ = {isa = PBXFileReference; fileEncoding = 4; lastKnownFileType = sourcecode.swift; path = MTKPMeshDescriptor.swift; sourceTree = "<group>"; };
		31E00CA21DD8F2DF00C47BE5 /* MTKPPipelineStateDescriptor.swift */ = {isa = PBXFileReference; fileEncoding = 4; lastKnownFileType = sourcecode.swift; path = MTKPPipelineStateDescriptor.swift; sourceTree = "<group>"; };
		31E00CA31DD8F2DF00C47BE5 /* MTKPRenderer.swift */ = {isa = PBXFileReference; fileEncoding = 4; lastKnownFileType = sourcecode.swift; path = MTKPRenderer.swift; sourceTree = "<group>"; };
		31E7EFA91DD986CC00C9BE01 /* MTKPIOProvider.swift */ = {isa = PBXFileReference; fileEncoding = 4; lastKnownFileType = sourcecode.swift; path = MTKPIOProvider.swift; sourceTree = "<group>"; };
		31E84D1F1FF5393900981293 /* MTKPComputerTests.swift */ = {isa = PBXFileReference; lastKnownFileType = sourcecode.swift; path = MTKPComputerTests.swift; sourceTree = "<group>"; };
/* End PBXFileReference section */

/* Begin PBXFrameworksBuildPhase section */
		31BBCFDD1E6A061400C8B718 /* Frameworks */ = {
			isa = PBXFrameworksBuildPhase;
			buildActionMask = 2147483647;
			files = (
				31BBCFE51E6A061400C8B718 /* MetalKitPlus.framework in Frameworks */,
			);
			runOnlyForDeploymentPostprocessing = 0;
		};
		31E00C7A1DD8F12B00C47BE5 /* Frameworks */ = {
			isa = PBXFrameworksBuildPhase;
			buildActionMask = 2147483647;
			files = (
			);
			runOnlyForDeploymentPostprocessing = 0;
		};
/* End PBXFrameworksBuildPhase section */

/* Begin PBXGroup section */
		177BF6102020016800173CAF /* Test Shader */ = {
			isa = PBXGroup;
			children = (
				177BF6132020021E00173CAF /* toGrayShaderIO.swift */,
				31CE05481F5CB0B2007D7C4E /* MTKPTestShaders.metal */,
			);
			path = "Test Shader";
			sourceTree = "<group>";
		};
		31BBCFCE1E69C9C100C8B718 /* MetalKitPlusTests */ = {
			isa = PBXGroup;
			children = (
				177BF6102020016800173CAF /* Test Shader */,
				31E84D1F1FF5393900981293 /* MTKPComputerTests.swift */,
				310DCAE11F5C44B40090A6E8 /* MTKPDeviceTests.swift */,
				310DCAE01F5C44B40090A6E8 /* MTKPCubeDescriptorTests.swift */,
				31BBCFD11E69C9C100C8B718 /* Info.plist */,
				31CE05361F5CA1DB007D7C4E /* MTKPAssetsTests.swift */,
			);
			path = MetalKitPlusTests;
			sourceTree = "<group>";
		};
		31CE053F1F5CAE9C007D7C4E /* Frameworks */ = {
			isa = PBXGroup;
			children = (
				31CE05421F5CAEA5007D7C4E /* MetalKit.framework */,
				31CE05401F5CAE9D007D7C4E /* Metal.framework */,
			);
			name = Frameworks;
			sourceTree = "<group>";
		};
		31E00C741DD8F12B00C47BE5 = {
			isa = PBXGroup;
			children = (
				31E00C801DD8F12B00C47BE5 /* MetalKitPlus */,
				31BBCFCE1E69C9C100C8B718 /* MetalKitPlusTests */,
				31E00C7F1DD8F12B00C47BE5 /* Products */,
				31CE053F1F5CAE9C007D7C4E /* Frameworks */,
			);
			sourceTree = "<group>";
		};
		31E00C7F1DD8F12B00C47BE5 /* Products */ = {
			isa = PBXGroup;
			children = (
				31E00C7E1DD8F12B00C47BE5 /* MetalKitPlus.framework */,
				31BBCFE01E6A061400C8B718 /* MetalKitPlusTests.xctest */,
			);
			name = Products;
			sourceTree = "<group>";
		};
		31E00C801DD8F12B00C47BE5 /* MetalKitPlus */ = {
			isa = PBXGroup;
			children = (
				31E7EFA91DD986CC00C9BE01 /* MTKPIOProvider.swift */,
				31E00C9D1DD8F2DF00C47BE5 /* MTKPAssets.swift */,
				3123C46E1FF45CA6005507A1 /* MTKPComputer.swift */,
				3123C46C1FF45BDD005507A1 /* MTKPShaderLookup.swift */,
				31E00CA11DD8F2DF00C47BE5 /* MTKPMeshDescriptor.swift */,
				31E00CA21DD8F2DF00C47BE5 /* MTKPPipelineStateDescriptor.swift */,
				31E00CA31DD8F2DF00C47BE5 /* MTKPRenderer.swift */,
				31E00C811DD8F12B00C47BE5 /* MetalKitPlus.h */,
				31E00C821DD8F12B00C47BE5 /* Info.plist */,
				31BBCFDA1E69CF5700C8B718 /* MTKPDevice.swift */,
				316F84F11E6C6181009B073D /* MTKPShader.swift */,
				310DCAE81F5C78140090A6E8 /* MTKPLibrary.swift */,
				317DE9C22000660100D53195 /* MTKPThreadgroupConfig.swift */,
			);
			path = MetalKitPlus;
			sourceTree = "<group>";
		};
/* End PBXGroup section */

/* Begin PBXHeadersBuildPhase section */
		31E00C7B1DD8F12B00C47BE5 /* Headers */ = {
			isa = PBXHeadersBuildPhase;
			buildActionMask = 2147483647;
			files = (
				31E00C831DD8F12B00C47BE5 /* MetalKitPlus.h in Headers */,
			);
			runOnlyForDeploymentPostprocessing = 0;
		};
/* End PBXHeadersBuildPhase section */

/* Begin PBXNativeTarget section */
		31BBCFDF1E6A061400C8B718 /* MetalKitPlusTests */ = {
			isa = PBXNativeTarget;
			buildConfigurationList = 31BBCFE81E6A061400C8B718 /* Build configuration list for PBXNativeTarget "MetalKitPlusTests" */;
			buildPhases = (
				31BBCFDC1E6A061400C8B718 /* Sources */,
				31BBCFDD1E6A061400C8B718 /* Frameworks */,
				31BBCFDE1E6A061400C8B718 /* Resources */,
			);
			buildRules = (
			);
			dependencies = (
				31BBCFE71E6A061400C8B718 /* PBXTargetDependency */,
			);
			name = MetalKitPlusTests;
			productName = MetalKitPlusTests;
			productReference = 31BBCFE01E6A061400C8B718 /* MetalKitPlusTests.xctest */;
			productType = "com.apple.product-type.bundle.unit-test";
		};
		31E00C7D1DD8F12B00C47BE5 /* MetalKitPlus */ = {
			isa = PBXNativeTarget;
			buildConfigurationList = 31E00C861DD8F12B00C47BE5 /* Build configuration list for PBXNativeTarget "MetalKitPlus" */;
			buildPhases = (
				31E00C791DD8F12B00C47BE5 /* Sources */,
				31E00C7A1DD8F12B00C47BE5 /* Frameworks */,
				31E00C7B1DD8F12B00C47BE5 /* Headers */,
				31E00C7C1DD8F12B00C47BE5 /* Resources */,
			);
			buildRules = (
			);
			dependencies = (
			);
			name = MetalKitPlus;
			productName = MetalKitPlus;
			productReference = 31E00C7E1DD8F12B00C47BE5 /* MetalKitPlus.framework */;
			productType = "com.apple.product-type.framework";
		};
/* End PBXNativeTarget section */

/* Begin PBXProject section */
		31E00C751DD8F12B00C47BE5 /* Project object */ = {
			isa = PBXProject;
			attributes = {
				LastSwiftUpdateCheck = 0820;
				LastUpgradeCheck = 0900;
				ORGANIZATIONNAME = "Claudio Vellage";
				TargetAttributes = {
					31BBCFDF1E6A061400C8B718 = {
						CreatedOnToolsVersion = 8.2.1;
						DevelopmentTeam = 352B6MP4DK;
						ProvisioningStyle = Automatic;
					};
					31E00C7D1DD8F12B00C47BE5 = {
						CreatedOnToolsVersion = 8.1;
						DevelopmentTeam = 352B6MP4DK;
						LastSwiftMigration = 0810;
						ProvisioningStyle = Automatic;
					};
				};
			};
			buildConfigurationList = 31E00C781DD8F12B00C47BE5 /* Build configuration list for PBXProject "MetalKitPlus" */;
			compatibilityVersion = "Xcode 3.2";
			developmentRegion = English;
			hasScannedForEncodings = 0;
			knownRegions = (
				en,
			);
			mainGroup = 31E00C741DD8F12B00C47BE5;
			productRefGroup = 31E00C7F1DD8F12B00C47BE5 /* Products */;
			projectDirPath = "";
			projectRoot = "";
			targets = (
				31E00C7D1DD8F12B00C47BE5 /* MetalKitPlus */,
				31BBCFDF1E6A061400C8B718 /* MetalKitPlusTests */,
			);
		};
/* End PBXProject section */

/* Begin PBXResourcesBuildPhase section */
		31BBCFDE1E6A061400C8B718 /* Resources */ = {
			isa = PBXResourcesBuildPhase;
			buildActionMask = 2147483647;
			files = (
			);
			runOnlyForDeploymentPostprocessing = 0;
		};
		31E00C7C1DD8F12B00C47BE5 /* Resources */ = {
			isa = PBXResourcesBuildPhase;
			buildActionMask = 2147483647;
			files = (
			);
			runOnlyForDeploymentPostprocessing = 0;
		};
/* End PBXResourcesBuildPhase section */

/* Begin PBXSourcesBuildPhase section */
		31BBCFDC1E6A061400C8B718 /* Sources */ = {
			isa = PBXSourcesBuildPhase;
			buildActionMask = 2147483647;
			files = (
				3163E6632006F826007C7B19 /* MTKPComputer.swift in Sources */,
				3163E6622006F823007C7B19 /* MTKPIOProvider.swift in Sources */,
				31E84D201FF5393900981293 /* MTKPComputerTests.swift in Sources */,
				3163E66A2006F836007C7B19 /* MTKPLibrary.swift in Sources */,
				177BF6142020021E00173CAF /* toGrayShaderIO.swift in Sources */,
				3163E6692006F834007C7B19 /* MTKPShader.swift in Sources */,
				3163E6612006F81C007C7B19 /* MTKPAssets.swift in Sources */,
				3163E6672006F82F007C7B19 /* MTKPRenderer.swift in Sources */,
				31CE056F1F5CC0F3007D7C4E /* MTKPAssetsTests.swift in Sources */,
				3163E66B2006F838007C7B19 /* MTKPThreadgroupConfig.swift in Sources */,
				31CE05311F5C9540007D7C4E /* MTKPDeviceTests.swift in Sources */,
				3163E6642006F828007C7B19 /* MTKPShaderLookup.swift in Sources */,
				3163E6652006F82B007C7B19 /* MTKPMeshDescriptor.swift in Sources */,
				3163E6662006F82D007C7B19 /* MTKPPipelineStateDescriptor.swift in Sources */,
				310DCAE31F5C46B00090A6E8 /* MTKPCubeDescriptorTests.swift in Sources */,
				3163E6682006F832007C7B19 /* MTKPDevice.swift in Sources */,
			);
			runOnlyForDeploymentPostprocessing = 0;
		};
		31E00C791DD8F12B00C47BE5 /* Sources */ = {
			isa = PBXSourcesBuildPhase;
			buildActionMask = 2147483647;
			files = (
				316F84F21E6C6181009B073D /* MTKPShader.swift in Sources */,
				317DE9C32000660100D53195 /* MTKPThreadgroupConfig.swift in Sources */,
				3123C46D1FF45BDE005507A1 /* MTKPShaderLookup.swift in Sources */,
				31E00CAA1DD8F2DF00C47BE5 /* MTKPPipelineStateDescriptor.swift in Sources */,
				3123C46F1FF45CA6005507A1 /* MTKPComputer.swift in Sources */,
				310DCAE91F5C78140090A6E8 /* MTKPLibrary.swift in Sources */,
				31CE05701F5CC67C007D7C4E /* MTKPIOProvider.swift in Sources */,
				31E00CAB1DD8F2DF00C47BE5 /* MTKPRenderer.swift in Sources */,
				31E00CA51DD8F2DF00C47BE5 /* MTKPAssets.swift in Sources */,
				31E00CA91DD8F2DF00C47BE5 /* MTKPMeshDescriptor.swift in Sources */,
				31BBCFDB1E69CF5700C8B718 /* MTKPDevice.swift in Sources */,
			);
			runOnlyForDeploymentPostprocessing = 0;
		};
/* End PBXSourcesBuildPhase section */

/* Begin PBXTargetDependency section */
		31BBCFE71E6A061400C8B718 /* PBXTargetDependency */ = {
			isa = PBXTargetDependency;
			target = 31E00C7D1DD8F12B00C47BE5 /* MetalKitPlus */;
			targetProxy = 31BBCFE61E6A061400C8B718 /* PBXContainerItemProxy */;
		};
/* End PBXTargetDependency section */

/* Begin XCBuildConfiguration section */
		31BBCFE91E6A061400C8B718 /* Debug */ = {
			isa = XCBuildConfiguration;
			buildSettings = {
				COMBINE_HIDPI_IMAGES = YES;
				DEVELOPMENT_TEAM = 352B6MP4DK;
				INFOPLIST_FILE = MetalKitPlusTests/Info.plist;
				LD_RUNPATH_SEARCH_PATHS = "$(inherited) @executable_path/../Frameworks @loader_path/../Frameworks";
				PRODUCT_BUNDLE_IDENTIFIER = "-.MetalKitPlusTests";
				PRODUCT_NAME = "$(TARGET_NAME)";
				SWIFT_VERSION = 4.0;
			};
			name = Debug;
		};
		31BBCFEA1E6A061400C8B718 /* Release */ = {
			isa = XCBuildConfiguration;
			buildSettings = {
				COMBINE_HIDPI_IMAGES = YES;
				DEVELOPMENT_TEAM = 352B6MP4DK;
				INFOPLIST_FILE = MetalKitPlusTests/Info.plist;
				LD_RUNPATH_SEARCH_PATHS = "$(inherited) @executable_path/../Frameworks @loader_path/../Frameworks";
				PRODUCT_BUNDLE_IDENTIFIER = "-.MetalKitPlusTests";
				PRODUCT_NAME = "$(TARGET_NAME)";
				SWIFT_VERSION = 4.0;
			};
			name = Release;
		};
		31E00C841DD8F12B00C47BE5 /* Debug */ = {
			isa = XCBuildConfiguration;
			buildSettings = {
				ALWAYS_SEARCH_USER_PATHS = NO;
				CLANG_ANALYZER_NONNULL = YES;
				CLANG_CXX_LANGUAGE_STANDARD = "gnu++0x";
				CLANG_CXX_LIBRARY = "libc++";
				CLANG_ENABLE_MODULES = YES;
				CLANG_ENABLE_OBJC_ARC = YES;
				CLANG_WARN_BLOCK_CAPTURE_AUTORELEASING = YES;
				CLANG_WARN_BOOL_CONVERSION = YES;
				CLANG_WARN_COMMA = YES;
				CLANG_WARN_CONSTANT_CONVERSION = YES;
				CLANG_WARN_DIRECT_OBJC_ISA_USAGE = YES_ERROR;
				CLANG_WARN_DOCUMENTATION_COMMENTS = YES;
				CLANG_WARN_EMPTY_BODY = YES;
				CLANG_WARN_ENUM_CONVERSION = YES;
				CLANG_WARN_INFINITE_RECURSION = YES;
				CLANG_WARN_INT_CONVERSION = YES;
				CLANG_WARN_NON_LITERAL_NULL_CONVERSION = YES;
				CLANG_WARN_OBJC_LITERAL_CONVERSION = YES;
				CLANG_WARN_OBJC_ROOT_CLASS = YES_ERROR;
				CLANG_WARN_RANGE_LOOP_ANALYSIS = YES;
				CLANG_WARN_STRICT_PROTOTYPES = YES;
				CLANG_WARN_SUSPICIOUS_MOVE = YES;
				CLANG_WARN_SUSPICIOUS_MOVES = YES;
				CLANG_WARN_UNREACHABLE_CODE = YES;
				CLANG_WARN__DUPLICATE_METHOD_MATCH = YES;
				CODE_SIGN_IDENTITY = "-";
				COPY_PHASE_STRIP = NO;
				CURRENT_PROJECT_VERSION = 1;
				DEBUG_INFORMATION_FORMAT = dwarf;
				ENABLE_STRICT_OBJC_MSGSEND = YES;
				ENABLE_TESTABILITY = YES;
				GCC_C_LANGUAGE_STANDARD = gnu99;
				GCC_DYNAMIC_NO_PIC = NO;
				GCC_NO_COMMON_BLOCKS = YES;
				GCC_OPTIMIZATION_LEVEL = 0;
				GCC_PREPROCESSOR_DEFINITIONS = (
					"DEBUG=1",
					"$(inherited)",
				);
				GCC_WARN_64_TO_32_BIT_CONVERSION = YES;
				GCC_WARN_ABOUT_RETURN_TYPE = YES_ERROR;
				GCC_WARN_UNDECLARED_SELECTOR = YES;
				GCC_WARN_UNINITIALIZED_AUTOS = YES_AGGRESSIVE;
				GCC_WARN_UNUSED_FUNCTION = YES;
				GCC_WARN_UNUSED_VARIABLE = YES;
				MACOSX_DEPLOYMENT_TARGET = 10.13;
				MTL_ENABLE_DEBUG_INFO = YES;
				ONLY_ACTIVE_ARCH = YES;
				SDKROOT = macosx;
				SWIFT_ACTIVE_COMPILATION_CONDITIONS = DEBUG;
				SWIFT_OPTIMIZATION_LEVEL = "-Onone";
				SWIFT_VERSION = 4.0;
				VERSIONING_SYSTEM = "apple-generic";
				VERSION_INFO_PREFIX = "";
			};
			name = Debug;
		};
		31E00C851DD8F12B00C47BE5 /* Release */ = {
			isa = XCBuildConfiguration;
			buildSettings = {
				ALWAYS_SEARCH_USER_PATHS = NO;
				CLANG_ANALYZER_NONNULL = YES;
				CLANG_CXX_LANGUAGE_STANDARD = "gnu++0x";
				CLANG_CXX_LIBRARY = "libc++";
				CLANG_ENABLE_MODULES = YES;
				CLANG_ENABLE_OBJC_ARC = YES;
				CLANG_WARN_BLOCK_CAPTURE_AUTORELEASING = YES;
				CLANG_WARN_BOOL_CONVERSION = YES;
				CLANG_WARN_COMMA = YES;
				CLANG_WARN_CONSTANT_CONVERSION = YES;
				CLANG_WARN_DIRECT_OBJC_ISA_USAGE = YES_ERROR;
				CLANG_WARN_DOCUMENTATION_COMMENTS = YES;
				CLANG_WARN_EMPTY_BODY = YES;
				CLANG_WARN_ENUM_CONVERSION = YES;
				CLANG_WARN_INFINITE_RECURSION = YES;
				CLANG_WARN_INT_CONVERSION = YES;
				CLANG_WARN_NON_LITERAL_NULL_CONVERSION = YES;
				CLANG_WARN_OBJC_LITERAL_CONVERSION = YES;
				CLANG_WARN_OBJC_ROOT_CLASS = YES_ERROR;
				CLANG_WARN_RANGE_LOOP_ANALYSIS = YES;
				CLANG_WARN_STRICT_PROTOTYPES = YES;
				CLANG_WARN_SUSPICIOUS_MOVE = YES;
				CLANG_WARN_SUSPICIOUS_MOVES = YES;
				CLANG_WARN_UNREACHABLE_CODE = YES;
				CLANG_WARN__DUPLICATE_METHOD_MATCH = YES;
				CODE_SIGN_IDENTITY = "-";
				COPY_PHASE_STRIP = NO;
				CURRENT_PROJECT_VERSION = 1;
				DEBUG_INFORMATION_FORMAT = "dwarf-with-dsym";
				ENABLE_NS_ASSERTIONS = NO;
				ENABLE_STRICT_OBJC_MSGSEND = YES;
				GCC_C_LANGUAGE_STANDARD = gnu99;
				GCC_NO_COMMON_BLOCKS = YES;
				GCC_WARN_64_TO_32_BIT_CONVERSION = YES;
				GCC_WARN_ABOUT_RETURN_TYPE = YES_ERROR;
				GCC_WARN_UNDECLARED_SELECTOR = YES;
				GCC_WARN_UNINITIALIZED_AUTOS = YES_AGGRESSIVE;
				GCC_WARN_UNUSED_FUNCTION = YES;
				GCC_WARN_UNUSED_VARIABLE = YES;
				MACOSX_DEPLOYMENT_TARGET = 10.13;
				MTL_ENABLE_DEBUG_INFO = NO;
				SDKROOT = macosx;
				SWIFT_OPTIMIZATION_LEVEL = "-Owholemodule";
				SWIFT_VERSION = 4.0;
				VERSIONING_SYSTEM = "apple-generic";
				VERSION_INFO_PREFIX = "";
			};
			name = Release;
		};
		31E00C871DD8F12B00C47BE5 /* Debug */ = {
			isa = XCBuildConfiguration;
			buildSettings = {
				CLANG_ENABLE_MODULES = YES;
				CODE_SIGN_IDENTITY = "";
				COMBINE_HIDPI_IMAGES = YES;
				DEFINES_MODULE = YES;
				DEVELOPMENT_TEAM = 352B6MP4DK;
				DYLIB_COMPATIBILITY_VERSION = 1;
				DYLIB_CURRENT_VERSION = 1;
				DYLIB_INSTALL_NAME_BASE = "@rpath";
				FRAMEWORK_VERSION = A;
				INFOPLIST_FILE = MetalKitPlus/Info.plist;
				INSTALL_PATH = "$(LOCAL_LIBRARY_DIR)/Frameworks";
				LD_RUNPATH_SEARCH_PATHS = "$(inherited) @executable_path/../Frameworks @loader_path/Frameworks";
				MACOSX_DEPLOYMENT_TARGET = 10.13;
				PRODUCT_BUNDLE_IDENTIFIER = "-.MetalKitPlus";
				PRODUCT_NAME = "$(TARGET_NAME)";
				SKIP_INSTALL = YES;
				SWIFT_OPTIMIZATION_LEVEL = "-Onone";
				SWIFT_VERSION = 4.0;
			};
			name = Debug;
		};
		31E00C881DD8F12B00C47BE5 /* Release */ = {
			isa = XCBuildConfiguration;
			buildSettings = {
				CLANG_ENABLE_MODULES = YES;
				CODE_SIGN_IDENTITY = "";
				COMBINE_HIDPI_IMAGES = YES;
				DEFINES_MODULE = YES;
				DEVELOPMENT_TEAM = 352B6MP4DK;
				DYLIB_COMPATIBILITY_VERSION = 1;
				DYLIB_CURRENT_VERSION = 1;
				DYLIB_INSTALL_NAME_BASE = "@rpath";
				FRAMEWORK_VERSION = A;
				INFOPLIST_FILE = MetalKitPlus/Info.plist;
				INSTALL_PATH = "$(LOCAL_LIBRARY_DIR)/Frameworks";
				LD_RUNPATH_SEARCH_PATHS = "$(inherited) @executable_path/../Frameworks @loader_path/Frameworks";
				MACOSX_DEPLOYMENT_TARGET = 10.13;
				PRODUCT_BUNDLE_IDENTIFIER = "-.MetalKitPlus";
				PRODUCT_NAME = "$(TARGET_NAME)";
				SKIP_INSTALL = YES;
				SWIFT_VERSION = 4.0;
			};
			name = Release;
		};
/* End XCBuildConfiguration section */

/* Begin XCConfigurationList section */
		31BBCFE81E6A061400C8B718 /* Build configuration list for PBXNativeTarget "MetalKitPlusTests" */ = {
			isa = XCConfigurationList;
			buildConfigurations = (
				31BBCFE91E6A061400C8B718 /* Debug */,
				31BBCFEA1E6A061400C8B718 /* Release */,
			);
			defaultConfigurationIsVisible = 0;
			defaultConfigurationName = Release;
		};
		31E00C781DD8F12B00C47BE5 /* Build configuration list for PBXProject "MetalKitPlus" */ = {
			isa = XCConfigurationList;
			buildConfigurations = (
				31E00C841DD8F12B00C47BE5 /* Debug */,
				31E00C851DD8F12B00C47BE5 /* Release */,
			);
			defaultConfigurationIsVisible = 0;
			defaultConfigurationName = Release;
		};
		31E00C861DD8F12B00C47BE5 /* Build configuration list for PBXNativeTarget "MetalKitPlus" */ = {
			isa = XCConfigurationList;
			buildConfigurations = (
				31E00C871DD8F12B00C47BE5 /* Debug */,
				31E00C881DD8F12B00C47BE5 /* Release */,
			);
			defaultConfigurationIsVisible = 0;
			defaultConfigurationName = Release;
		};
/* End XCConfigurationList section */
	};
	rootObject = 31E00C751DD8F12B00C47BE5 /* Project object */;
}
